
Microsoft Visual Studio Solution File, Format Version 12.00
# Visual Studio 15
VisualStudioVersion = 15.0.26730.8
MinimumVisualStudioVersion = 10.0.40219.1
Project("{FAE04EC0-301F-11D3-BF4B-00C04F79EFBC}") = "Algortimiek-CircusTrein", "Algortimiek-CircusTrein\Algortimiek-CircusTrein.csproj", "{108ECD06-725C-4AEC-A4A8-CA31BE17C0D0}"
EndProject
Project("{FAE04EC0-301F-11D3-BF4B-00C04F79EFBC}") = "Algoritmiek-CircusTrein.UnitTest", "Algoritmiek-CircusTrein.UnitTest\Algoritmiek-CircusTrein.UnitTest.csproj", "{8834A345-9475-4B3F-908D-D1FDEF4C61B0}"
EndProject
Global
	GlobalSection(SolutionConfigurationPlatforms) = preSolution
		Debug|Any CPU = Debug|Any CPU
		Release|Any CPU = Release|Any CPU
	EndGlobalSection
	GlobalSection(ProjectConfigurationPlatforms) = postSolution
		{108ECD06-725C-4AEC-A4A8-CA31BE17C0D0}.Debug|Any CPU.ActiveCfg = Debug|Any CPU
		{108ECD06-725C-4AEC-A4A8-CA31BE17C0D0}.Debug|Any CPU.Build.0 = Debug|Any CPU
		{108ECD06-725C-4AEC-A4A8-CA31BE17C0D0}.Release|Any CPU.ActiveCfg = Release|Any CPU
		{108ECD06-725C-4AEC-A4A8-CA31BE17C0D0}.Release|Any CPU.Build.0 = Release|Any CPU
		{8834A345-9475-4B3F-908D-D1FDEF4C61B0}.Debug|Any CPU.ActiveCfg = Debug|Any CPU
		{8834A345-9475-4B3F-908D-D1FDEF4C61B0}.Debug|Any CPU.Build.0 = Debug|Any CPU
		{8834A345-9475-4B3F-908D-D1FDEF4C61B0}.Release|Any CPU.ActiveCfg = Release|Any CPU
		{8834A345-9475-4B3F-908D-D1FDEF4C61B0}.Release|Any CPU.Build.0 = Release|Any CPU
	EndGlobalSection
	GlobalSection(SolutionProperties) = preSolution
		HideSolutionNode = FALSE
	EndGlobalSection
	GlobalSection(ExtensibilityGlobals) = postSolution
		SolutionGuid = {4EF06E05-C96F-4D57-A219-5D05C7A6FD00}
	EndGlobalSection
EndGlobal
